
Microsoft Visual Studio Solution File, Format Version 12.00
# Visual Studio Version 16
VisualStudioVersion = 16.0.31613.86
MinimumVisualStudioVersion = 10.0.40219.1
Project("{FAE04EC0-301F-11D3-BF4B-00C04F79EFBC}") = "PR1", "PR1\PR1.csproj", "{3F7CD837-ECA0-4997-B0D2-B4B31B02A45F}"
EndProject
Global
	GlobalSection(SolutionConfigurationPlatforms) = preSolution
		Debug|Any CPU = Debug|Any CPU
		Release|Any CPU = Release|Any CPU
	EndGlobalSection
	GlobalSection(ProjectConfigurationPlatforms) = postSolution
		{3F7CD837-ECA0-4997-B0D2-B4B31B02A45F}.Debug|Any CPU.ActiveCfg = Debug|Any CPU
		{3F7CD837-ECA0-4997-B0D2-B4B31B02A45F}.Debug|Any CPU.Build.0 = Debug|Any CPU
		{3F7CD837-ECA0-4997-B0D2-B4B31B02A45F}.Release|Any CPU.ActiveCfg = Release|Any CPU
		{3F7CD837-ECA0-4997-B0D2-B4B31B02A45F}.Release|Any CPU.Build.0 = Release|Any CPU
	EndGlobalSection
	GlobalSection(SolutionProperties) = preSolution
		HideSolutionNode = FALSE
	EndGlobalSection
	GlobalSection(ExtensibilityGlobals) = postSolution
		SolutionGuid = {D112E90A-2675-4B58-9EEA-033FA3B51F8F}
	EndGlobalSection
EndGlobal
