
Microsoft Visual Studio Solution File, Format Version 12.00
# Visual Studio Version 16
VisualStudioVersion = 16.0.31613.86
MinimumVisualStudioVersion = 10.0.40219.1
Project("{FAE04EC0-301F-11D3-BF4B-00C04F79EFBC}") = "PR1-2", "PR1-2\PR1-2.csproj", "{EB83E710-8FA7-4586-8862-310A5231D45D}"
EndProject
Global
	GlobalSection(SolutionConfigurationPlatforms) = preSolution
		Debug|Any CPU = Debug|Any CPU
		Release|Any CPU = Release|Any CPU
	EndGlobalSection
	GlobalSection(ProjectConfigurationPlatforms) = postSolution
		{EB83E710-8FA7-4586-8862-310A5231D45D}.Debug|Any CPU.ActiveCfg = Debug|Any CPU
		{EB83E710-8FA7-4586-8862-310A5231D45D}.Debug|Any CPU.Build.0 = Debug|Any CPU
		{EB83E710-8FA7-4586-8862-310A5231D45D}.Release|Any CPU.ActiveCfg = Release|Any CPU
		{EB83E710-8FA7-4586-8862-310A5231D45D}.Release|Any CPU.Build.0 = Release|Any CPU
	EndGlobalSection
	GlobalSection(SolutionProperties) = preSolution
		HideSolutionNode = FALSE
	EndGlobalSection
	GlobalSection(ExtensibilityGlobals) = postSolution
		SolutionGuid = {CD929A64-EC6D-4D37-9ACC-F9ACC2BB47E3}
	EndGlobalSection
EndGlobal
